
Microsoft Visual Studio Solution File, Format Version 12.00
# Visual Studio Version 17
VisualStudioVersion = 17.2.32630.192
MinimumVisualStudioVersion = 10.0.40219.1
Project("{FAE04EC0-301F-11D3-BF4B-00C04F79EFBC}") = "EmployeeAPI_CRUD", "EmployeeAPI_CRUD.csproj", "{4F84EA87-D342-49BD-A0F3-1583A73DD411}"
EndProject
Global
	GlobalSection(SolutionConfigurationPlatforms) = preSolution
		Debug|Any CPU = Debug|Any CPU
		Release|Any CPU = Release|Any CPU
	EndGlobalSection
	GlobalSection(ProjectConfigurationPlatforms) = postSolution
		{4F84EA87-D342-49BD-A0F3-1583A73DD411}.Debug|Any CPU.ActiveCfg = Debug|Any CPU
		{4F84EA87-D342-49BD-A0F3-1583A73DD411}.Debug|Any CPU.Build.0 = Debug|Any CPU
		{4F84EA87-D342-49BD-A0F3-1583A73DD411}.Release|Any CPU.ActiveCfg = Release|Any CPU
		{4F84EA87-D342-49BD-A0F3-1583A73DD411}.Release|Any CPU.Build.0 = Release|Any CPU
	EndGlobalSection
	GlobalSection(SolutionProperties) = preSolution
		HideSolutionNode = FALSE
	EndGlobalSection
	GlobalSection(ExtensibilityGlobals) = postSolution
		SolutionGuid = {FB70671A-CD72-4820-9CA8-E56EDD6E1891}
	EndGlobalSection
EndGlobal
